
Microsoft Visual Studio Solution File, Format Version 12.00
# Visual Studio 15
VisualStudioVersion = 15.0.27703.2035
MinimumVisualStudioVersion = 10.0.40219.1
Project("{FAE04EC0-301F-11D3-BF4B-00C04F79EFBC}") = "MVC-CRUD-DiplomadoUASDCodeFirst.Web", "MVC-CRUD-DiplomadoUASDCodeFirst.Web\MVC-CRUD-DiplomadoUASDCodeFirst.Web.csproj", "{333E85DD-3BD0-4432-82D4-B02B212D2C78}"
EndProject
Project("{FAE04EC0-301F-11D3-BF4B-00C04F79EFBC}") = "MVC-CRUD-DiplomadoUASDCodeFirst.Model", "MVC-CRUD-DiplomadoUASDCodeFirst.Model\MVC-CRUD-DiplomadoUASDCodeFirst.Model.csproj", "{B37C2478-46AE-4E97-9B6D-FC02E627D509}"
EndProject
Global
	GlobalSection(SolutionConfigurationPlatforms) = preSolution
		Debug|Any CPU = Debug|Any CPU
		Release|Any CPU = Release|Any CPU
	EndGlobalSection
	GlobalSection(ProjectConfigurationPlatforms) = postSolution
		{333E85DD-3BD0-4432-82D4-B02B212D2C78}.Debug|Any CPU.ActiveCfg = Debug|Any CPU
		{333E85DD-3BD0-4432-82D4-B02B212D2C78}.Debug|Any CPU.Build.0 = Debug|Any CPU
		{333E85DD-3BD0-4432-82D4-B02B212D2C78}.Release|Any CPU.ActiveCfg = Release|Any CPU
		{333E85DD-3BD0-4432-82D4-B02B212D2C78}.Release|Any CPU.Build.0 = Release|Any CPU
		{B37C2478-46AE-4E97-9B6D-FC02E627D509}.Debug|Any CPU.ActiveCfg = Debug|Any CPU
		{B37C2478-46AE-4E97-9B6D-FC02E627D509}.Debug|Any CPU.Build.0 = Debug|Any CPU
		{B37C2478-46AE-4E97-9B6D-FC02E627D509}.Release|Any CPU.ActiveCfg = Release|Any CPU
		{B37C2478-46AE-4E97-9B6D-FC02E627D509}.Release|Any CPU.Build.0 = Release|Any CPU
	EndGlobalSection
	GlobalSection(SolutionProperties) = preSolution
		HideSolutionNode = FALSE
	EndGlobalSection
	GlobalSection(ExtensibilityGlobals) = postSolution
		SolutionGuid = {9A42CE32-F441-4189-807C-E414183870B4}
	EndGlobalSection
EndGlobal
